
Microsoft Visual Studio Solution File, Format Version 12.00
# Visual Studio Version 17
VisualStudioVersion = 17.0.31903.59
MinimumVisualStudioVersion = 10.0.40219.1
Project("{2150E333-8FDC-42A3-9474-1A3956D46DE8}") = "backend", "backend", "{FE360695-3F2B-1049-3887-35FBB5135923}"
EndProject
Project("{FAE04EC0-301F-11D3-BF4B-00C04F79EFBC}") = "Godu.Api", "Godu.Api\Godu.Api.csproj", "{27BBFF0C-8080-4D9F-AF82-A6B83369E991}"
EndProject
Project("{FAE04EC0-301F-11D3-BF4B-00C04F79EFBC}") = "Godu.Service", "Godu.Service\Godu.Service.csproj", "{E24E9489-7289-47E1-901A-586D8DD63367}"
EndProject
Project("{FAE04EC0-301F-11D3-BF4B-00C04F79EFBC}") = "Godu.Repository", "Godu.Repository\Godu.Repository.csproj", "{4C9185CC-487C-43CB-9C70-D017A56026A5}"
EndProject
Project("{FAE04EC0-301F-11D3-BF4B-00C04F79EFBC}") = "Godu.Model", "Godu.Model\Godu.Model.csproj", "{7158D67B-6964-4658-9405-A3D3781C5305}"
EndProject
Project("{FAE04EC0-301F-11D3-BF4B-00C04F79EFBC}") = "Godu.Utility", "Godu.Utility\Godu.Utility.csproj", "{C9416630-5EB8-44A9-A143-685CD71E81B4}"
EndProject
Project("{2150E333-8FDC-42A3-9474-1A3956D46DE8}") = "tests", "tests", "{0AB3BF05-4346-4AA6-1389-037BE0695223}"
EndProject
Project("{FAE04EC0-301F-11D3-BF4B-00C04F79EFBC}") = "Godu.Service.Tests", "tests\Godu.Service.Tests\Godu.Service.Tests.csproj", "{1F64344F-60A3-45E9-B524-D2577CD80661}"
EndProject
Global
	GlobalSection(SolutionConfigurationPlatforms) = preSolution
		Debug|Any CPU = Debug|Any CPU
		Debug|x64 = Debug|x64
		Debug|x86 = Debug|x86
		Release|Any CPU = Release|Any CPU
		Release|x64 = Release|x64
		Release|x86 = Release|x86
	EndGlobalSection
	GlobalSection(ProjectConfigurationPlatforms) = postSolution
		{27BBFF0C-8080-4D9F-AF82-A6B83369E991}.Debug|Any CPU.ActiveCfg = Debug|Any CPU
		{27BBFF0C-8080-4D9F-AF82-A6B83369E991}.Debug|Any CPU.Build.0 = Debug|Any CPU
		{27BBFF0C-8080-4D9F-AF82-A6B83369E991}.Debug|x64.ActiveCfg = Debug|Any CPU
		{27BBFF0C-8080-4D9F-AF82-A6B83369E991}.Debug|x64.Build.0 = Debug|Any CPU
		{27BBFF0C-8080-4D9F-AF82-A6B83369E991}.Debug|x86.ActiveCfg = Debug|Any CPU
		{27BBFF0C-8080-4D9F-AF82-A6B83369E991}.Debug|x86.Build.0 = Debug|Any CPU
		{27BBFF0C-8080-4D9F-AF82-A6B83369E991}.Release|Any CPU.ActiveCfg = Release|Any CPU
		{27BBFF0C-8080-4D9F-AF82-A6B83369E991}.Release|Any CPU.Build.0 = Release|Any CPU
		{27BBFF0C-8080-4D9F-AF82-A6B83369E991}.Release|x64.ActiveCfg = Release|Any CPU
		{27BBFF0C-8080-4D9F-AF82-A6B83369E991}.Release|x64.Build.0 = Release|Any CPU
		{27BBFF0C-8080-4D9F-AF82-A6B83369E991}.Release|x86.ActiveCfg = Release|Any CPU
		{27BBFF0C-8080-4D9F-AF82-A6B83369E991}.Release|x86.Build.0 = Release|Any CPU
		{E24E9489-7289-47E1-901A-586D8DD63367}.Debug|Any CPU.ActiveCfg = Debug|Any CPU
		{E24E9489-7289-47E1-901A-586D8DD63367}.Debug|Any CPU.Build.0 = Debug|Any CPU
		{E24E9489-7289-47E1-901A-586D8DD63367}.Debug|x64.ActiveCfg = Debug|Any CPU
		{E24E9489-7289-47E1-901A-586D8DD63367}.Debug|x64.Build.0 = Debug|Any CPU
		{E24E9489-7289-47E1-901A-586D8DD63367}.Debug|x86.ActiveCfg = Debug|Any CPU
		{E24E9489-7289-47E1-901A-586D8DD63367}.Debug|x86.Build.0 = Debug|Any CPU
		{E24E9489-7289-47E1-901A-586D8DD63367}.Release|Any CPU.ActiveCfg = Release|Any CPU
		{E24E9489-7289-47E1-901A-586D8DD63367}.Release|Any CPU.Build.0 = Release|Any CPU
		{E24E9489-7289-47E1-901A-586D8DD63367}.Release|x64.ActiveCfg = Release|Any CPU
		{E24E9489-7289-47E1-901A-586D8DD63367}.Release|x64.Build.0 = Release|Any CPU
		{E24E9489-7289-47E1-901A-586D8DD63367}.Release|x86.ActiveCfg = Release|Any CPU
		{E24E9489-7289-47E1-901A-586D8DD63367}.Release|x86.Build.0 = Release|Any CPU
		{4C9185CC-487C-43CB-9C70-D017A56026A5}.Debug|Any CPU.ActiveCfg = Debug|Any CPU
		{4C9185CC-487C-43CB-9C70-D017A56026A5}.Debug|Any CPU.Build.0 = Debug|Any CPU
		{4C9185CC-487C-43CB-9C70-D017A56026A5}.Debug|x64.ActiveCfg = Debug|Any CPU
		{4C9185CC-487C-43CB-9C70-D017A56026A5}.Debug|x64.Build.0 = Debug|Any CPU
		{4C9185CC-487C-43CB-9C70-D017A56026A5}.Debug|x86.ActiveCfg = Debug|Any CPU
		{4C9185CC-487C-43CB-9C70-D017A56026A5}.Debug|x86.Build.0 = Debug|Any CPU
		{4C9185CC-487C-43CB-9C70-D017A56026A5}.Release|Any CPU.ActiveCfg = Release|Any CPU
		{4C9185CC-487C-43CB-9C70-D017A56026A5}.Release|Any CPU.Build.0 = Release|Any CPU
		{4C9185CC-487C-43CB-9C70-D017A56026A5}.Release|x64.ActiveCfg = Release|Any CPU
		{4C9185CC-487C-43CB-9C70-D017A56026A5}.Release|x64.Build.0 = Release|Any CPU
		{4C9185CC-487C-43CB-9C70-D017A56026A5}.Release|x86.ActiveCfg = Release|Any CPU
		{4C9185CC-487C-43CB-9C70-D017A56026A5}.Release|x86.Build.0 = Release|Any CPU
		{7158D67B-6964-4658-9405-A3D3781C5305}.Debug|Any CPU.ActiveCfg = Debug|Any CPU
		{7158D67B-6964-4658-9405-A3D3781C5305}.Debug|Any CPU.Build.0 = Debug|Any CPU
		{7158D67B-6964-4658-9405-A3D3781C5305}.Debug|x64.ActiveCfg = Debug|Any CPU
		{7158D67B-6964-4658-9405-A3D3781C5305}.Debug|x64.Build.0 = Debug|Any CPU
		{7158D67B-6964-4658-9405-A3D3781C5305}.Debug|x86.ActiveCfg = Debug|Any CPU
		{7158D67B-6964-4658-9405-A3D3781C5305}.Debug|x86.Build.0 = Debug|Any CPU
		{7158D67B-6964-4658-9405-A3D3781C5305}.Release|Any CPU.ActiveCfg = Release|Any CPU
		{7158D67B-6964-4658-9405-A3D3781C5305}.Release|Any CPU.Build.0 = Release|Any CPU
		{7158D67B-6964-4658-9405-A3D3781C5305}.Release|x64.ActiveCfg = Release|Any CPU
		{7158D67B-6964-4658-9405-A3D3781C5305}.Release|x64.Build.0 = Release|Any CPU
		{7158D67B-6964-4658-9405-A3D3781C5305}.Release|x86.ActiveCfg = Release|Any CPU
		{7158D67B-6964-4658-9405-A3D3781C5305}.Release|x86.Build.0 = Release|Any CPU
		{C9416630-5EB8-44A9-A143-685CD71E81B4}.Debug|Any CPU.ActiveCfg = Debug|Any CPU
		{C9416630-5EB8-44A9-A143-685CD71E81B4}.Debug|Any CPU.Build.0 = Debug|Any CPU
		{C9416630-5EB8-44A9-A143-685CD71E81B4}.Debug|x64.ActiveCfg = Debug|Any CPU
		{C9416630-5EB8-44A9-A143-685CD71E81B4}.Debug|x64.Build.0 = Debug|Any CPU
		{C9416630-5EB8-44A9-A143-685CD71E81B4}.Debug|x86.ActiveCfg = Debug|Any CPU
		{C9416630-5EB8-44A9-A143-685CD71E81B4}.Debug|x86.Build.0 = Debug|Any CPU
		{C9416630-5EB8-44A9-A143-685CD71E81B4}.Release|Any CPU.ActiveCfg = Release|Any CPU
		{C9416630-5EB8-44A9-A143-685CD71E81B4}.Release|Any CPU.Build.0 = Release|Any CPU
		{C9416630-5EB8-44A9-A143-685CD71E81B4}.Release|x64.ActiveCfg = Release|Any CPU
		{C9416630-5EB8-44A9-A143-685CD71E81B4}.Release|x64.Build.0 = Release|Any CPU
		{C9416630-5EB8-44A9-A143-685CD71E81B4}.Release|x86.ActiveCfg = Release|Any CPU
		{C9416630-5EB8-44A9-A143-685CD71E81B4}.Release|x86.Build.0 = Release|Any CPU
		{1F64344F-60A3-45E9-B524-D2577CD80661}.Debug|Any CPU.ActiveCfg = Debug|Any CPU
		{1F64344F-60A3-45E9-B524-D2577CD80661}.Debug|Any CPU.Build.0 = Debug|Any CPU
		{1F64344F-60A3-45E9-B524-D2577CD80661}.Debug|x64.ActiveCfg = Debug|Any CPU
		{1F64344F-60A3-45E9-B524-D2577CD80661}.Debug|x64.Build.0 = Debug|Any CPU
		{1F64344F-60A3-45E9-B524-D2577CD80661}.Debug|x86.ActiveCfg = Debug|Any CPU
		{1F64344F-60A3-45E9-B524-D2577CD80661}.Debug|x86.Build.0 = Debug|Any CPU
		{1F64344F-60A3-45E9-B524-D2577CD80661}.Release|Any CPU.ActiveCfg = Release|Any CPU
		{1F64344F-60A3-45E9-B524-D2577CD80661}.Release|Any CPU.Build.0 = Release|Any CPU
		{1F64344F-60A3-45E9-B524-D2577CD80661}.Release|x64.ActiveCfg = Release|Any CPU
		{1F64344F-60A3-45E9-B524-D2577CD80661}.Release|x64.Build.0 = Release|Any CPU
		{1F64344F-60A3-45E9-B524-D2577CD80661}.Release|x86.ActiveCfg = Release|Any CPU
		{1F64344F-60A3-45E9-B524-D2577CD80661}.Release|x86.Build.0 = Release|Any CPU
	EndGlobalSection
	GlobalSection(SolutionProperties) = preSolution
		HideSolutionNode = FALSE
	EndGlobalSection
	GlobalSection(NestedProjects) = preSolution
		{FE360695-3F2B-1049-3887-35FBB5135923} = {827E0CD3-B72D-47B6-A68D-7590B98EB39B}
		{27BBFF0C-8080-4D9F-AF82-A6B83369E991} = {FE360695-3F2B-1049-3887-35FBB5135923}
		{E24E9489-7289-47E1-901A-586D8DD63367} = {FE360695-3F2B-1049-3887-35FBB5135923}
		{4C9185CC-487C-43CB-9C70-D017A56026A5} = {FE360695-3F2B-1049-3887-35FBB5135923}
		{7158D67B-6964-4658-9405-A3D3781C5305} = {FE360695-3F2B-1049-3887-35FBB5135923}
		{C9416630-5EB8-44A9-A143-685CD71E81B4} = {FE360695-3F2B-1049-3887-35FBB5135923}
		{1F64344F-60A3-45E9-B524-D2577CD80661} = {0AB3BF05-4346-4AA6-1389-037BE0695223}
	EndGlobalSection
EndGlobal
